{
  "name": "kajm1ller.github.io-1",
  "lockfileVersion": 3,
  "requires": true,
  "packages": {
    "": {
      "dependencies": {
        "@dimforge/rapier3d": "^0.19.3"
      }
    },
    "node_modules/@dimforge/rapier3d": {
      "version": "0.19.3",
      "resolved": "https://registry.npmjs.org/@dimforge/rapier3d/-/rapier3d-0.19.3.tgz",
      "integrity": "sha512-tkD1tvHTDML0W9s9rUYAsx0btO9LbVTnMBKJWVgOsas5haGFbYY+pzr5hbwYysv/IJmgmMrIFoVWIcsaCUE9ow==",
      "license": "Apache-2.0"
    }
  }
}
